// !$*UTF8*$!
{
	archiveVersion = 1;
	classes = {
	};
	objectVersion = 50;
	objects = {

/* Begin PBXBuildFile section */
		2F28E2F02156E9770091968F /* AppDelegate.swift in Sources */ = {isa = PBXBuildFile; fileRef = 2F28E2EF2156E9770091968F /* AppDelegate.swift */; };
		2F28E2F72156E9770091968F /* Assets.xcassets in Resources */ = {isa = PBXBuildFile; fileRef = 2F28E2F62156E9770091968F /* Assets.xcassets */; };
		2F28E2FA2156E9770091968F /* LaunchScreen.storyboard in Resources */ = {isa = PBXBuildFile; fileRef = 2F28E2F82156E9770091968F /* LaunchScreen.storyboard */; };
		2F28E3022156EA560091968F /* Main.swift in Sources */ = {isa = PBXBuildFile; fileRef = 2F28E3012156EA560091968F /* Main.swift */; };
		2F28E3042156EA610091968F /* Elm.swift in Sources */ = {isa = PBXBuildFile; fileRef = 2F28E3032156EA610091968F /* Elm.swift */; };
		2F28E3062156EA700091968F /* UIControlExtensions.swift in Sources */ = {isa = PBXBuildFile; fileRef = 2F28E3052156EA700091968F /* UIControlExtensions.swift */; };
/* End PBXBuildFile section */

/* Begin PBXFileReference section */
		2F28E2EC2156E9770091968F /* SwiftElmArchitecture.app */ = {isa = PBXFileReference; explicitFileType = wrapper.application; includeInIndex = 0; path = SwiftElmArchitecture.app; sourceTree = BUILT_PRODUCTS_DIR; };
		2F28E2EF2156E9770091968F /* AppDelegate.swift */ = {isa = PBXFileReference; lastKnownFileType = sourcecode.swift; path = AppDelegate.swift; sourceTree = "<group>"; };
		2F28E2F62156E9770091968F /* Assets.xcassets */ = {isa = PBXFileReference; lastKnownFileType = folder.assetcatalog; path = Assets.xcassets; sourceTree = "<group>"; };
		2F28E2F92156E9770091968F /* Base */ = {isa = PBXFileReference; lastKnownFileType = file.storyboard; name = Base; path = Base.lproj/LaunchScreen.storyboard; sourceTree = "<group>"; };
		2F28E2FB2156E9770091968F /* Info.plist */ = {isa = PBXFileReference; lastKnownFileType = text.plist.xml; path = Info.plist; sourceTree = "<group>"; };
		2F28E3012156EA560091968F /* Main.swift */ = {isa = PBXFileReference; lastKnownFileType = sourcecode.swift; path = Main.swift; sourceTree = "<group>"; };
		2F28E3032156EA610091968F /* Elm.swift */ = {isa = PBXFileReference; lastKnownFileType = sourcecode.swift; path = Elm.swift; sourceTree = "<group>"; };
		2F28E3052156EA700091968F /* UIControlExtensions.swift */ = {isa = PBXFileReference; lastKnownFileType = sourcecode.swift; path = UIControlExtensions.swift; sourceTree = "<group>"; };
/* End PBXFileReference section */

/* Begin PBXFrameworksBuildPhase section */
		2F28E2E92156E9770091968F /* Frameworks */ = {
			isa = PBXFrameworksBuildPhase;
			buildActionMask = 2147483647;
			files = (
			);
			runOnlyForDeploymentPostprocessing = 0;
		};
/* End PBXFrameworksBuildPhase section */

/* Begin PBXGroup section */
		2F28E2E32156E9770091968F = {
			isa = PBXGroup;
			children = (
				2F28E2EE2156E9770091968F /* SwiftElmArchitecture */,
				2F28E2ED2156E9770091968F /* Products */,
			);
			sourceTree = "<group>";
		};
		2F28E2ED2156E9770091968F /* Products */ = {
			isa = PBXGroup;
			children = (
				2F28E2EC2156E9770091968F /* SwiftElmArchitecture.app */,
			);
			name = Products;
			sourceTree = "<group>";
		};
		2F28E2EE2156E9770091968F /* SwiftElmArchitecture */ = {
			isa = PBXGroup;
			children = (
				2F28E2EF2156E9770091968F /* AppDelegate.swift */,
				2F28E3012156EA560091968F /* Main.swift */,
				2F28E3032156EA610091968F /* Elm.swift */,
				2F28E3052156EA700091968F /* UIControlExtensions.swift */,
				2F28E2F62156E9770091968F /* Assets.xcassets */,
				2F28E2F82156E9770091968F /* LaunchScreen.storyboard */,
				2F28E2FB2156E9770091968F /* Info.plist */,
			);
			path = SwiftElmArchitecture;
			sourceTree = "<group>";
		};
/* End PBXGroup section */

/* Begin PBXNativeTarget section */
		2F28E2EB2156E9770091968F /* SwiftElmArchitecture */ = {
			isa = PBXNativeTarget;
			buildConfigurationList = 2F28E2FE2156E9770091968F /* Build configuration list for PBXNativeTarget "SwiftElmArchitecture" */;
			buildPhases = (
				2F28E2E82156E9770091968F /* Sources */,
				2F28E2E92156E9770091968F /* Frameworks */,
				2F28E2EA2156E9770091968F /* Resources */,
			);
			buildRules = (
			);
			dependencies = (
			);
			name = SwiftElmArchitecture;
			productName = SwiftElmArchitecture;
			productReference = 2F28E2EC2156E9770091968F /* SwiftElmArchitecture.app */;
			productType = "com.apple.product-type.application";
		};
/* End PBXNativeTarget section */

/* Begin PBXProject section */
		2F28E2E42156E9770091968F /* Project object */ = {
			isa = PBXProject;
			attributes = {
				LastSwiftUpdateCheck = 0940;
				LastUpgradeCheck = 0940;
				ORGANIZATIONNAME = "Timo Jääskeläinen";
				TargetAttributes = {
					2F28E2EB2156E9770091968F = {
						CreatedOnToolsVersion = 9.4.1;
					};
				};
			};
			buildConfigurationList = 2F28E2E72156E9770091968F /* Build configuration list for PBXProject "SwiftElmArchitecture" */;
			compatibilityVersion = "Xcode 9.3";
			developmentRegion = en;
			hasScannedForEncodings = 0;
			knownRegions = (
				en,
				Base,
			);
			mainGroup = 2F28E2E32156E9770091968F;
			productRefGroup = 2F28E2ED2156E9770091968F /* Products */;
			projectDirPath = "";
			projectRoot = "";
			targets = (
				2F28E2EB2156E9770091968F /* SwiftElmArchitecture */,
			);
		};
/* End PBXProject section */

/* Begin PBXResourcesBuildPhase section */
		2F28E2EA2156E9770091968F /* Resources */ = {
			isa = PBXResourcesBuildPhase;
			buildActionMask = 2147483647;
			files = (
				2F28E2FA2156E9770091968F /* LaunchScreen.storyboard in Resources */,
				2F28E2F72156E9770091968F /* Assets.xcassets in Resources */,
			);
			runOnlyForDeploymentPostprocessing = 0;
		};
/* End PBXResourcesBuildPhase section */

/* Begin PBXSourcesBuildPhase section */
		2F28E2E82156E9770091968F /* Sources */ = {
			isa = PBXSourcesBuildPhase;
			buildActionMask = 2147483647;
			files = (
				2F28E3042156EA610091968F /* Elm.swift in Sources */,
				2F28E3022156EA560091968F /* Main.swift in Sources */,
				2F28E2F02156E9770091968F /* AppDelegate.swift in Sources */,
				2F28E3062156EA700091968F /* UIControlExtensions.swift in Sources */,
			);
			runOnlyForDeploymentPostprocessing = 0;
		};
/* End PBXSourcesBuildPhase section */

/* Begin PBXVariantGroup section */
		2F28E2F82156E9770091968F /* LaunchScreen.storyboard */ = {
			isa = PBXVariantGroup;
			children = (
				2F28E2F92156E9770091968F /* Base */,
			);
			name = LaunchScreen.storyboard;
			sourceTree = "<group>";
		};
/* End PBXVariantGroup section */

/* Begin XCBuildConfiguration section */
		2F28E2FC2156E9770091968F /* Debug */ = {
			isa = XCBuildConfiguration;
			buildSettings = {
				ALWAYS_SEARCH_USER_PATHS = NO;
				CLANG_ANALYZER_NONNULL = YES;
				CLANG_ANALYZER_NUMBER_OBJECT_CONVERSION = YES_AGGRESSIVE;
				CLANG_CXX_LANGUAGE_STANDARD = "gnu++14";
				CLANG_CXX_LIBRARY = "libc++";
				CLANG_ENABLE_MODULES = YES;
				CLANG_ENABLE_OBJC_ARC = YES;
				CLANG_ENABLE_OBJC_WEAK = YES;
				CLANG_WARN_BLOCK_CAPTURE_AUTORELEASING = YES;
				CLANG_WARN_BOOL_CONVERSION = YES;
				CLANG_WARN_COMMA = YES;
				CLANG_WARN_CONSTANT_CONVERSION = YES;
				CLANG_WARN_DEPRECATED_OBJC_IMPLEMENTATIONS = YES;
				CLANG_WARN_DIRECT_OBJC_ISA_USAGE = YES_ERROR;
				CLANG_WARN_DOCUMENTATION_COMMENTS = YES;
				CLANG_WARN_EMPTY_BODY = YES;
				CLANG_WARN_ENUM_CONVERSION = YES;
				CLANG_WARN_INFINITE_RECURSION = YES;
				CLANG_WARN_INT_CONVERSION = YES;
				CLANG_WARN_NON_LITERAL_NULL_CONVERSION = YES;
				CLANG_WARN_OBJC_IMPLICIT_RETAIN_SELF = YES;
				CLANG_WARN_OBJC_LITERAL_CONVERSION = YES;
				CLANG_WARN_OBJC_ROOT_CLASS = YES_ERROR;
				CLANG_WARN_RANGE_LOOP_ANALYSIS = YES;
				CLANG_WARN_STRICT_PROTOTYPES = YES;
				CLANG_WARN_SUSPICIOUS_MOVE = YES;
				CLANG_WARN_UNGUARDED_AVAILABILITY = YES_AGGRESSIVE;
				CLANG_WARN_UNREACHABLE_CODE = YES;
				CLANG_WARN__DUPLICATE_METHOD_MATCH = YES;
				CODE_SIGN_IDENTITY = "iPhone Developer";
				COPY_PHASE_STRIP = NO;
				DEBUG_INFORMATION_FORMAT = dwarf;
				ENABLE_STRICT_OBJC_MSGSEND = YES;
				ENABLE_TESTABILITY = YES;
				GCC_C_LANGUAGE_STANDARD = gnu11;
				GCC_DYNAMIC_NO_PIC = NO;
				GCC_NO_COMMON_BLOCKS = YES;
				GCC_OPTIMIZATION_LEVEL = 0;
				GCC_PREPROCESSOR_DEFINITIONS = (
					"DEBUG=1",
					"$(inherited)",
				);
				GCC_WARN_64_TO_32_BIT_CONVERSION = YES;
				GCC_WARN_ABOUT_RETURN_TYPE = YES_ERROR;
				GCC_WARN_UNDECLARED_SELECTOR = YES;
				GCC_WARN_UNINITIALIZED_AUTOS = YES_AGGRESSIVE;
				GCC_WARN_UNUSED_FUNCTION = YES;
				GCC_WARN_UNUSED_VARIABLE = YES;
				IPHONEOS_DEPLOYMENT_TARGET = 11.4;
				MTL_ENABLE_DEBUG_INFO = YES;
				ONLY_ACTIVE_ARCH = YES;
				SDKROOT = iphoneos;
				SWIFT_ACTIVE_COMPILATION_CONDITIONS = DEBUG;
				SWIFT_OPTIMIZATION_LEVEL = "-Onone";
			};
			name = Debug;
		};
		2F28E2FD2156E9770091968F /* Release */ = {
			isa = XCBuildConfiguration;
			buildSettings = {
				ALWAYS_SEARCH_USER_PATHS = NO;
				CLANG_ANALYZER_NONNULL = YES;
				CLANG_ANALYZER_NUMBER_OBJECT_CONVERSION = YES_AGGRESSIVE;
				CLANG_CXX_LANGUAGE_STANDARD = "gnu++14";
				CLANG_CXX_LIBRARY = "libc++";
				CLANG_ENABLE_MODULES = YES;
				CLANG_ENABLE_OBJC_ARC = YES;
				CLANG_ENABLE_OBJC_WEAK = YES;
				CLANG_WARN_BLOCK_CAPTURE_AUTORELEASING = YES;
				CLANG_WARN_BOOL_CONVERSION = YES;
				CLANG_WARN_COMMA = YES;
				CLANG_WARN_CONSTANT_CONVERSION = YES;
				CLANG_WARN_DEPRECATED_OBJC_IMPLEMENTATIONS = YES;
				CLANG_WARN_DIRECT_OBJC_ISA_USAGE = YES_ERROR;
				CLANG_WARN_DOCUMENTATION_COMMENTS = YES;
				CLANG_WARN_EMPTY_BODY = YES;
				CLANG_WARN_ENUM_CONVERSION = YES;
				CLANG_WARN_INFINITE_RECURSION = YES;
				CLANG_WARN_INT_CONVERSION = YES;
				CLANG_WARN_NON_LITERAL_NULL_CONVERSION = YES;
				CLANG_WARN_OBJC_IMPLICIT_RETAIN_SELF = YES;
				CLANG_WARN_OBJC_LITERAL_CONVERSION = YES;
				CLANG_WARN_OBJC_ROOT_CLASS = YES_ERROR;
				CLANG_WARN_RANGE_LOOP_ANALYSIS = YES;
				CLANG_WARN_STRICT_PROTOTYPES = YES;
				CLANG_WARN_SUSPICIOUS_MOVE = YES;
				CLANG_WARN_UNGUARDED_AVAILABILITY = YES_AGGRESSIVE;
				CLANG_WARN_UNREACHABLE_CODE = YES;
				CLANG_WARN__DUPLICATE_METHOD_MATCH = YES;
				CODE_SIGN_IDENTITY = "iPhone Developer";
				COPY_PHASE_STRIP = NO;
				DEBUG_INFORMATION_FORMAT = "dwarf-with-dsym";
				ENABLE_NS_ASSERTIONS = NO;
				ENABLE_STRICT_OBJC_MSGSEND = YES;
				GCC_C_LANGUAGE_STANDARD = gnu11;
				GCC_NO_COMMON_BLOCKS = YES;
				GCC_WARN_64_TO_32_BIT_CONVERSION = YES;
				GCC_WARN_ABOUT_RETURN_TYPE = YES_ERROR;
				GCC_WARN_UNDECLARED_SELECTOR = YES;
				GCC_WARN_UNINITIALIZED_AUTOS = YES_AGGRESSIVE;
				GCC_WARN_UNUSED_FUNCTION = YES;
				GCC_WARN_UNUSED_VARIABLE = YES;
				IPHONEOS_DEPLOYMENT_TARGET = 11.4;
				MTL_ENABLE_DEBUG_INFO = NO;
				SDKROOT = iphoneos;
				SWIFT_COMPILATION_MODE = wholemodule;
				SWIFT_OPTIMIZATION_LEVEL = "-O";
				VALIDATE_PRODUCT = YES;
			};
			name = Release;
		};
		2F28E2FF2156E9770091968F /* Debug */ = {
			isa = XCBuildConfiguration;
			buildSettings = {
				ASSETCATALOG_COMPILER_APPICON_NAME = AppIcon;
				CODE_SIGN_STYLE = Automatic;
				DEVELOPMENT_TEAM = 6W4GZQ5Z99;
				INFOPLIST_FILE = SwiftElmArchitecture/Info.plist;
				LD_RUNPATH_SEARCH_PATHS = (
					"$(inherited)",
					"@executable_path/Frameworks",
				);
				PRODUCT_BUNDLE_IDENTIFIER = com.timojaask.SwiftElmArchitecture;
				PRODUCT_NAME = "$(TARGET_NAME)";
				SWIFT_VERSION = 4.0;
				TARGETED_DEVICE_FAMILY = "1,2";
			};
			name = Debug;
		};
		2F28E3002156E9770091968F /* Release */ = {
			isa = XCBuildConfiguration;
			buildSettings = {
				ASSETCATALOG_COMPILER_APPICON_NAME = AppIcon;
				CODE_SIGN_STYLE = Automatic;
				DEVELOPMENT_TEAM = 6W4GZQ5Z99;
				INFOPLIST_FILE = SwiftElmArchitecture/Info.plist;
				LD_RUNPATH_SEARCH_PATHS = (
					"$(inherited)",
					"@executable_path/Frameworks",
				);
				PRODUCT_BUNDLE_IDENTIFIER = com.timojaask.SwiftElmArchitecture;
				PRODUCT_NAME = "$(TARGET_NAME)";
				SWIFT_VERSION = 4.0;
				TARGETED_DEVICE_FAMILY = "1,2";
			};
			name = Release;
		};
/* End XCBuildConfiguration section */

/* Begin XCConfigurationList section */
		2F28E2E72156E9770091968F /* Build configuration list for PBXProject "SwiftElmArchitecture" */ = {
			isa = XCConfigurationList;
			buildConfigurations = (
				2F28E2FC2156E9770091968F /* Debug */,
				2F28E2FD2156E9770091968F /* Release */,
			);
			defaultConfigurationIsVisible = 0;
			defaultConfigurationName = Release;
		};
		2F28E2FE2156E9770091968F /* Build configuration list for PBXNativeTarget "SwiftElmArchitecture" */ = {
			isa = XCConfigurationList;
			buildConfigurations = (
				2F28E2FF2156E9770091968F /* Debug */,
				2F28E3002156E9770091968F /* Release */,
			);
			defaultConfigurationIsVisible = 0;
			defaultConfigurationName = Release;
		};
/* End XCConfigurationList section */
	};
	rootObject = 2F28E2E42156E9770091968F /* Project object */;
}
